
Microsoft Visual Studio Solution File, Format Version 12.00
# Visual Studio Version 16
VisualStudioVersion = 16.0.31205.134
MinimumVisualStudioVersion = 10.0.40219.1
Project("{9A19103F-16F7-4668-BE54-9A1E7A4F7556}") = "LudoApi", "LudoApi\LudoApi.csproj", "{9F3BA2EC-E180-4A9F-8897-5425F200A8A9}"
EndProject
Project("{9A19103F-16F7-4668-BE54-9A1E7A4F7556}") = "LudoFrontEnd", "LudoFrontEnd\LudoFrontEnd.csproj", "{C4A43C6E-FCE2-4EA3-B989-6B27CA299077}"
EndProject
Project("{9A19103F-16F7-4668-BE54-9A1E7A4F7556}") = "LudoTests", "LudoTests\LudoTests.csproj", "{B324E864-A7FD-4098-8426-349E4FB32B08}"
EndProject
Global
	GlobalSection(SolutionConfigurationPlatforms) = preSolution
		Debug|Any CPU = Debug|Any CPU
		Release|Any CPU = Release|Any CPU
	EndGlobalSection
	GlobalSection(ProjectConfigurationPlatforms) = postSolution
		{9F3BA2EC-E180-4A9F-8897-5425F200A8A9}.Debug|Any CPU.ActiveCfg = Debug|Any CPU
		{9F3BA2EC-E180-4A9F-8897-5425F200A8A9}.Debug|Any CPU.Build.0 = Debug|Any CPU
		{9F3BA2EC-E180-4A9F-8897-5425F200A8A9}.Release|Any CPU.ActiveCfg = Release|Any CPU
		{9F3BA2EC-E180-4A9F-8897-5425F200A8A9}.Release|Any CPU.Build.0 = Release|Any CPU
		{C4A43C6E-FCE2-4EA3-B989-6B27CA299077}.Debug|Any CPU.ActiveCfg = Debug|Any CPU
		{C4A43C6E-FCE2-4EA3-B989-6B27CA299077}.Debug|Any CPU.Build.0 = Debug|Any CPU
		{C4A43C6E-FCE2-4EA3-B989-6B27CA299077}.Release|Any CPU.ActiveCfg = Release|Any CPU
		{C4A43C6E-FCE2-4EA3-B989-6B27CA299077}.Release|Any CPU.Build.0 = Release|Any CPU
		{B324E864-A7FD-4098-8426-349E4FB32B08}.Debug|Any CPU.ActiveCfg = Debug|Any CPU
		{B324E864-A7FD-4098-8426-349E4FB32B08}.Debug|Any CPU.Build.0 = Debug|Any CPU
		{B324E864-A7FD-4098-8426-349E4FB32B08}.Release|Any CPU.ActiveCfg = Release|Any CPU
		{B324E864-A7FD-4098-8426-349E4FB32B08}.Release|Any CPU.Build.0 = Release|Any CPU
	EndGlobalSection
	GlobalSection(SolutionProperties) = preSolution
		HideSolutionNode = FALSE
	EndGlobalSection
	GlobalSection(ExtensibilityGlobals) = postSolution
		SolutionGuid = {11244D3A-D3F0-4D98-992A-1FBD4D825056}
	EndGlobalSection
EndGlobal
